{
    "_readme": [
        "This file locks the dependencies of your project to a known state",
        "Read more about it at https://getcomposer.org/doc/01-basic-usage.md#installing-dependencies",
        "This file is @generated automatically"
    ],
    "content-hash": "59f4f37f3dcde9b28d498f44030529f5",
    "packages": [
        {
            "name": "voronkovich/phpmailer-dsn",
            "version": "v0.0.1",
            "source": {
                "type": "git",
                "url": "https://github.com/voronkovich/phpmailer-dsn.git",
                "reference": "481897ce751e8a776acf8c1b6acf59d8bf775569"
            },
            "dist": {
                "type": "zip",
                "url": "https://api.github.com/repos/voronkovich/phpmailer-dsn/zipball/481897ce751e8a776acf8c1b6acf59d8bf775569",
                "reference": "481897ce751e8a776acf8c1b6acf59d8bf775569",
                "shasum": ""
            },
            "require-dev": {
                "phpmailer/phpmailer": "^6.7"
            },
            "type": "library",
            "autoload": {
                "psr-4": {
                    "Voronkovich\\PHPMailerDSN\\": "src/"
                }
            },
            "notification-url": "https://packagist.org/downloads/",
            "license": [
                "MIT"
            ],
            "authors": [
                {
                    "name": "Oleg Voronkovich",
                    "email": "oleg-voronkovich@yandex.ru"
                }
            ],
            "description": "Library for configuring PHPMailer with DSN string",
            "support": {
                "issues": "https://github.com/voronkovich/phpmailer-dsn/issues",
                "source": "https://github.com/voronkovich/phpmailer-dsn/tree/v0.0.1"
            },
            "funding": [
                {
                    "url": "https://ko-fi.com/voronkovich",
                    "type": "ko_fi"
                }
            ],
            "time": "2023-02-27T19:55:02+00:00"
        }
    ],
    "packages-dev": [],
    "aliases": [],
    "minimum-stability": "stable",
    "stability-flags": [],
    "prefer-stable": false,
    "prefer-lowest": false,
    "platform": [],
    "platform-dev": [],
    "plugin-api-version": "2.3.0"
}
